
Microsoft Visual Studio Solution File, Format Version 12.00
# Visual Studio Version 16
VisualStudioVersion = 16.0.30621.155
MinimumVisualStudioVersion = 10.0.40219.1
Project("{FAE04EC0-301F-11D3-BF4B-00C04F79EFBC}") = "CodingEvents", "CodingEvents.csproj", "{CC894B60-A2B9-40F6-AEFB-5140A7AA0389}"
EndProject
Global
	GlobalSection(SolutionConfigurationPlatforms) = preSolution
		Debug|Any CPU = Debug|Any CPU
		Release|Any CPU = Release|Any CPU
	EndGlobalSection
	GlobalSection(ProjectConfigurationPlatforms) = postSolution
		{CC894B60-A2B9-40F6-AEFB-5140A7AA0389}.Debug|Any CPU.ActiveCfg = Debug|Any CPU
		{CC894B60-A2B9-40F6-AEFB-5140A7AA0389}.Debug|Any CPU.Build.0 = Debug|Any CPU
		{CC894B60-A2B9-40F6-AEFB-5140A7AA0389}.Release|Any CPU.ActiveCfg = Release|Any CPU
		{CC894B60-A2B9-40F6-AEFB-5140A7AA0389}.Release|Any CPU.Build.0 = Release|Any CPU
	EndGlobalSection
	GlobalSection(SolutionProperties) = preSolution
		HideSolutionNode = FALSE
	EndGlobalSection
	GlobalSection(ExtensibilityGlobals) = postSolution
		SolutionGuid = {2DB98F79-6682-4F16-8D58-76E0843D251E}
	EndGlobalSection
EndGlobal
